
Microsoft Visual Studio Solution File, Format Version 12.00
# Visual Studio Version 16
VisualStudioVersion = 16.0.31702.278
MinimumVisualStudioVersion = 10.0.40219.1
Project("{9A19103F-16F7-4668-BE54-9A1E7A4F7556}") = "LiveSplit.EldenRing", "LiveSplit.EldenRing\LiveSplit.EldenRing.csproj", "{39AC22C4-5714-45E4-BF0F-49695366A3A7}"
EndProject
Project("{2150E333-8FDC-42A3-9474-1A3956D46DE8}") = "Solution Items", "Solution Items", "{A15B8F74-E61A-4E7D-985A-D8C94167C844}"
	ProjectSection(SolutionItems) = preProject
		.gitlab-ci.yml = .gitlab-ci.yml
		Components\update.LiveSplit.EldenRing.xml = Components\update.LiveSplit.EldenRing.xml
	EndProjectSection
EndProject
Project("{2150E333-8FDC-42A3-9474-1A3956D46DE8}") = "FAQ", "FAQ", "{4122A7E8-84AD-4B18-BCDB-0D863931EF57}"
	ProjectSection(SolutionItems) = preProject
		FAQ\README.md = FAQ\README.md
	EndProjectSection
EndProject
Global
	GlobalSection(SolutionConfigurationPlatforms) = preSolution
		Debug|Any CPU = Debug|Any CPU
		Release|Any CPU = Release|Any CPU
	EndGlobalSection
	GlobalSection(ProjectConfigurationPlatforms) = postSolution
		{39AC22C4-5714-45E4-BF0F-49695366A3A7}.Debug|Any CPU.ActiveCfg = Debug|Any CPU
		{39AC22C4-5714-45E4-BF0F-49695366A3A7}.Debug|Any CPU.Build.0 = Debug|Any CPU
		{39AC22C4-5714-45E4-BF0F-49695366A3A7}.Release|Any CPU.ActiveCfg = Release|Any CPU
		{39AC22C4-5714-45E4-BF0F-49695366A3A7}.Release|Any CPU.Build.0 = Release|Any CPU
	EndGlobalSection
	GlobalSection(SolutionProperties) = preSolution
		HideSolutionNode = FALSE
	EndGlobalSection
	GlobalSection(NestedProjects) = preSolution
		{4122A7E8-84AD-4B18-BCDB-0D863931EF57} = {A15B8F74-E61A-4E7D-985A-D8C94167C844}
	EndGlobalSection
	GlobalSection(ExtensibilityGlobals) = postSolution
		SolutionGuid = {E7F0AC15-F4FF-47DE-B84A-D5BB84DACB98}
	EndGlobalSection
EndGlobal
